Microsoft Visual Studio Solution File, Format Version 12.00
# Visual Studio 14
VisualStudioVersion = 14.0.23107.0
MinimumVisualStudioVersion = 10.0.40219.1
Project("{FAE04EC0-301F-11D3-BF4B-00C04F79EFBC}") = "Parser", "Parser\Parser.csproj", "{6860A7F5-1E81-41C3-AEA2-CB0BCDCE393D}"
EndProject
Project("{FAE04EC0-301F-11D3-BF4B-00C04F79EFBC}") = "ConsoleApplication", "ConsoleApplication\ConsoleApplication.csproj", "{51B224A3-FB9F-43ED-8116-DBA5308E624B}"
EndProject
Project("{FAE04EC0-301F-11D3-BF4B-00C04F79EFBC}") = "Logic", "Logic\Logic.csproj", "{5CA05F85-1A10-4D02-BF56-E0034F3647D6}"
EndProject
Project("{FAE04EC0-301F-11D3-BF4B-00C04F79EFBC}") = "Saltarelle", "Saltarelle\Saltarelle.csproj", "{54BAEA56-D660-40FE-8306-803831529967}"
	ProjectSection(ProjectDependencies) = postProject
		{5CA05F85-1A10-4D02-BF56-E0034F3647D6} = {5CA05F85-1A10-4D02-BF56-E0034F3647D6}
		{6860A7F5-1E81-41C3-AEA2-CB0BCDCE393D} = {6860A7F5-1E81-41C3-AEA2-CB0BCDCE393D}
	EndProjectSection
EndProject
Project("{FAE04EC0-301F-11D3-BF4B-00C04F79EFBC}") = "UnitTests", "UnitTests\UnitTests.csproj", "{15F8F11B-7C72-4896-8EF2-26787EE78539}"
EndProject
Project("{FAE04EC0-301F-11D3-BF4B-00C04F79EFBC}") = "WindowsFormsApplication", "WindowsFormsApplication\WindowsFormsApplication.csproj", "{C9FA47DE-EC4D-4B42-83F1-F07EC68868B7}"
EndProject
Project("{FAE04EC0-301F-11D3-BF4B-00C04F79EFBC}") = "TimeTrials", "TimeTrials\TimeTrials.csproj", "{D2133A89-31E5-4ED6-9B36-CB6831C76F31}"
EndProject
Project("{FAE04EC0-301F-11D3-BF4B-00C04F79EFBC}") = "Notepad++Plugin", "Notepad++Plugin\Notepad++Plugin.csproj", "{E56F6E12-089C-40ED-BCFD-923E5FA121A1}"
EndProject
Project("{FAE04EC0-301F-11D3-BF4B-00C04F79EFBC}") = "Decider", "Decider\Decider.csproj", "{25D0C0E7-59C9-4972-90EC-F7348463BA04}"
EndProject
Project("{FAE04EC0-301F-11D3-BF4B-00C04F79EFBC}") = "Translate", "Translator\Translate.csproj", "{FD1F3741-2986-4AFE-A985-A3B4DA2C9D52}"
	ProjectSection(ProjectDependencies) = postProject
		{54BAEA56-D660-40FE-8306-803831529967} = {54BAEA56-D660-40FE-8306-803831529967}
	EndProjectSection
EndProject
Global
	GlobalSection(SolutionConfigurationPlatforms) = preSolution
		Debug|Any CPU = Debug|Any CPU
		Debug|Mixed Platforms = Debug|Mixed Platforms
		Debug|x86 = Debug|x86
		Release|Any CPU = Release|Any CPU
		Release|Mixed Platforms = Release|Mixed Platforms
		Release|x86 = Release|x86
	EndGlobalSection
	GlobalSection(ProjectConfigurationPlatforms) = postSolution
		{6860A7F5-1E81-41C3-AEA2-CB0BCDCE393D}.Debug|Any CPU.ActiveCfg = Debug|Any CPU
		{6860A7F5-1E81-41C3-AEA2-CB0BCDCE393D}.Debug|Any CPU.Build.0 = Debug|Any CPU
		{6860A7F5-1E81-41C3-AEA2-CB0BCDCE393D}.Debug|Mixed Platforms.ActiveCfg = Debug|Any CPU
		{6860A7F5-1E81-41C3-AEA2-CB0BCDCE393D}.Debug|Mixed Platforms.Build.0 = Debug|Any CPU
		{6860A7F5-1E81-41C3-AEA2-CB0BCDCE393D}.Debug|x86.ActiveCfg = Debug|Any CPU
		{6860A7F5-1E81-41C3-AEA2-CB0BCDCE393D}.Release|Any CPU.ActiveCfg = Release|Any CPU
		{6860A7F5-1E81-41C3-AEA2-CB0BCDCE393D}.Release|Any CPU.Build.0 = Release|Any CPU
		{6860A7F5-1E81-41C3-AEA2-CB0BCDCE393D}.Release|Mixed Platforms.ActiveCfg = Release|Any CPU
		{6860A7F5-1E81-41C3-AEA2-CB0BCDCE393D}.Release|Mixed Platforms.Build.0 = Release|Any CPU
		{6860A7F5-1E81-41C3-AEA2-CB0BCDCE393D}.Release|x86.ActiveCfg = Release|Any CPU
		{51B224A3-FB9F-43ED-8116-DBA5308E624B}.Debug|Any CPU.ActiveCfg = Debug|x86
		{51B224A3-FB9F-43ED-8116-DBA5308E624B}.Debug|Mixed Platforms.ActiveCfg = Debug|x86
		{51B224A3-FB9F-43ED-8116-DBA5308E624B}.Debug|Mixed Platforms.Build.0 = Debug|x86
		{51B224A3-FB9F-43ED-8116-DBA5308E624B}.Debug|x86.ActiveCfg = Debug|x86
		{51B224A3-FB9F-43ED-8116-DBA5308E624B}.Debug|x86.Build.0 = Debug|x86
		{51B224A3-FB9F-43ED-8116-DBA5308E624B}.Release|Any CPU.ActiveCfg = Release|x86
		{51B224A3-FB9F-43ED-8116-DBA5308E624B}.Release|Mixed Platforms.ActiveCfg = Release|x86
		{51B224A3-FB9F-43ED-8116-DBA5308E624B}.Release|Mixed Platforms.Build.0 = Release|x86
		{51B224A3-FB9F-43ED-8116-DBA5308E624B}.Release|x86.ActiveCfg = Release|x86
		{51B224A3-FB9F-43ED-8116-DBA5308E624B}.Release|x86.Build.0 = Release|x86
		{5CA05F85-1A10-4D02-BF56-E0034F3647D6}.Debug|Any CPU.ActiveCfg = Debug|Any CPU
		{5CA05F85-1A10-4D02-BF56-E0034F3647D6}.Debug|Any CPU.Build.0 = Debug|Any CPU
		{5CA05F85-1A10-4D02-BF56-E0034F3647D6}.Debug|Mixed Platforms.ActiveCfg = Debug|Any CPU
		{5CA05F85-1A10-4D02-BF56-E0034F3647D6}.Debug|Mixed Platforms.Build.0 = Debug|Any CPU
		{5CA05F85-1A10-4D02-BF56-E0034F3647D6}.Debug|x86.ActiveCfg = Debug|Any CPU
		{5CA05F85-1A10-4D02-BF56-E0034F3647D6}.Release|Any CPU.ActiveCfg = Release|Any CPU
		{5CA05F85-1A10-4D02-BF56-E0034F3647D6}.Release|Any CPU.Build.0 = Release|Any CPU
		{5CA05F85-1A10-4D02-BF56-E0034F3647D6}.Release|Mixed Platforms.ActiveCfg = Release|Any CPU
		{5CA05F85-1A10-4D02-BF56-E0034F3647D6}.Release|Mixed Platforms.Build.0 = Release|Any CPU
		{5CA05F85-1A10-4D02-BF56-E0034F3647D6}.Release|x86.ActiveCfg = Release|Any CPU
		{54BAEA56-D660-40FE-8306-803831529967}.Debug|Any CPU.ActiveCfg = Debug|Any CPU
		{54BAEA56-D660-40FE-8306-803831529967}.Debug|Any CPU.Build.0 = Debug|Any CPU
		{54BAEA56-D660-40FE-8306-803831529967}.Debug|Mixed Platforms.ActiveCfg = Debug|Any CPU
		{54BAEA56-D660-40FE-8306-803831529967}.Debug|Mixed Platforms.Build.0 = Debug|Any CPU
		{54BAEA56-D660-40FE-8306-803831529967}.Debug|x86.ActiveCfg = Debug|Any CPU
		{54BAEA56-D660-40FE-8306-803831529967}.Release|Any CPU.ActiveCfg = Release|Any CPU
		{54BAEA56-D660-40FE-8306-803831529967}.Release|Any CPU.Build.0 = Release|Any CPU
		{54BAEA56-D660-40FE-8306-803831529967}.Release|Mixed Platforms.ActiveCfg = Release|Any CPU
		{54BAEA56-D660-40FE-8306-803831529967}.Release|Mixed Platforms.Build.0 = Release|Any CPU
		{54BAEA56-D660-40FE-8306-803831529967}.Release|x86.ActiveCfg = Release|Any CPU
		{15F8F11B-7C72-4896-8EF2-26787EE78539}.Debug|Any CPU.ActiveCfg = Debug|Any CPU
		{15F8F11B-7C72-4896-8EF2-26787EE78539}.Debug|Any CPU.Build.0 = Debug|Any CPU
		{15F8F11B-7C72-4896-8EF2-26787EE78539}.Debug|Mixed Platforms.ActiveCfg = Debug|Any CPU
		{15F8F11B-7C72-4896-8EF2-26787EE78539}.Debug|Mixed Platforms.Build.0 = Debug|Any CPU
		{15F8F11B-7C72-4896-8EF2-26787EE78539}.Debug|x86.ActiveCfg = Debug|Any CPU
		{15F8F11B-7C72-4896-8EF2-26787EE78539}.Release|Any CPU.ActiveCfg = Release|Any CPU
		{15F8F11B-7C72-4896-8EF2-26787EE78539}.Release|Any CPU.Build.0 = Release|Any CPU
		{15F8F11B-7C72-4896-8EF2-26787EE78539}.Release|Mixed Platforms.ActiveCfg = Release|Any CPU
		{15F8F11B-7C72-4896-8EF2-26787EE78539}.Release|Mixed Platforms.Build.0 = Release|Any CPU
		{15F8F11B-7C72-4896-8EF2-26787EE78539}.Release|x86.ActiveCfg = Release|Any CPU
		{C9FA47DE-EC4D-4B42-83F1-F07EC68868B7}.Debug|Any CPU.ActiveCfg = Debug|Any CPU
		{C9FA47DE-EC4D-4B42-83F1-F07EC68868B7}.Debug|Any CPU.Build.0 = Debug|Any CPU
		{C9FA47DE-EC4D-4B42-83F1-F07EC68868B7}.Debug|Mixed Platforms.ActiveCfg = Debug|Any CPU
		{C9FA47DE-EC4D-4B42-83F1-F07EC68868B7}.Debug|Mixed Platforms.Build.0 = Debug|Any CPU
		{C9FA47DE-EC4D-4B42-83F1-F07EC68868B7}.Debug|x86.ActiveCfg = Debug|Any CPU
		{C9FA47DE-EC4D-4B42-83F1-F07EC68868B7}.Release|Any CPU.ActiveCfg = Release|Any CPU
		{C9FA47DE-EC4D-4B42-83F1-F07EC68868B7}.Release|Any CPU.Build.0 = Release|Any CPU
		{C9FA47DE-EC4D-4B42-83F1-F07EC68868B7}.Release|Mixed Platforms.ActiveCfg = Release|Any CPU
		{C9FA47DE-EC4D-4B42-83F1-F07EC68868B7}.Release|Mixed Platforms.Build.0 = Release|Any CPU
		{C9FA47DE-EC4D-4B42-83F1-F07EC68868B7}.Release|x86.ActiveCfg = Release|Any CPU
		{D2133A89-31E5-4ED6-9B36-CB6831C76F31}.Debug|Any CPU.ActiveCfg = Debug|Any CPU
		{D2133A89-31E5-4ED6-9B36-CB6831C76F31}.Debug|Any CPU.Build.0 = Debug|Any CPU
		{D2133A89-31E5-4ED6-9B36-CB6831C76F31}.Debug|Mixed Platforms.ActiveCfg = Debug|Any CPU
		{D2133A89-31E5-4ED6-9B36-CB6831C76F31}.Debug|Mixed Platforms.Build.0 = Debug|Any CPU
		{D2133A89-31E5-4ED6-9B36-CB6831C76F31}.Debug|x86.ActiveCfg = Debug|Any CPU
		{D2133A89-31E5-4ED6-9B36-CB6831C76F31}.Release|Any CPU.ActiveCfg = Release|Any CPU
		{D2133A89-31E5-4ED6-9B36-CB6831C76F31}.Release|Any CPU.Build.0 = Release|Any CPU
		{D2133A89-31E5-4ED6-9B36-CB6831C76F31}.Release|Mixed Platforms.ActiveCfg = Release|Any CPU
		{D2133A89-31E5-4ED6-9B36-CB6831C76F31}.Release|Mixed Platforms.Build.0 = Release|Any CPU
		{D2133A89-31E5-4ED6-9B36-CB6831C76F31}.Release|x86.ActiveCfg = Release|Any CPU
		{E56F6E12-089C-40ED-BCFD-923E5FA121A1}.Debug|Any CPU.ActiveCfg = Debug|Any CPU
		{E56F6E12-089C-40ED-BCFD-923E5FA121A1}.Debug|Any CPU.Build.0 = Debug|Any CPU
		{E56F6E12-089C-40ED-BCFD-923E5FA121A1}.Debug|Mixed Platforms.ActiveCfg = Debug|Any CPU
		{E56F6E12-089C-40ED-BCFD-923E5FA121A1}.Debug|Mixed Platforms.Build.0 = Debug|Any CPU
		{E56F6E12-089C-40ED-BCFD-923E5FA121A1}.Debug|x86.ActiveCfg = Debug|Any CPU
		{E56F6E12-089C-40ED-BCFD-923E5FA121A1}.Release|Any CPU.ActiveCfg = Release|Any CPU
		{E56F6E12-089C-40ED-BCFD-923E5FA121A1}.Release|Any CPU.Build.0 = Release|Any CPU
		{E56F6E12-089C-40ED-BCFD-923E5FA121A1}.Release|Mixed Platforms.ActiveCfg = Release|Any CPU
		{E56F6E12-089C-40ED-BCFD-923E5FA121A1}.Release|Mixed Platforms.Build.0 = Release|Any CPU
		{E56F6E12-089C-40ED-BCFD-923E5FA121A1}.Release|x86.ActiveCfg = Release|Any CPU
		{25D0C0E7-59C9-4972-90EC-F7348463BA04}.Debug|Any CPU.ActiveCfg = Debug|Any CPU
		{25D0C0E7-59C9-4972-90EC-F7348463BA04}.Debug|Any CPU.Build.0 = Debug|Any CPU
		{25D0C0E7-59C9-4972-90EC-F7348463BA04}.Debug|Mixed Platforms.ActiveCfg = Debug|Any CPU
		{25D0C0E7-59C9-4972-90EC-F7348463BA04}.Debug|Mixed Platforms.Build.0 = Debug|Any CPU
		{25D0C0E7-59C9-4972-90EC-F7348463BA04}.Debug|x86.ActiveCfg = Debug|Any CPU
		{25D0C0E7-59C9-4972-90EC-F7348463BA04}.Debug|x86.Build.0 = Debug|Any CPU
		{25D0C0E7-59C9-4972-90EC-F7348463BA04}.Release|Any CPU.ActiveCfg = Release|Any CPU
		{25D0C0E7-59C9-4972-90EC-F7348463BA04}.Release|Any CPU.Build.0 = Release|Any CPU
		{25D0C0E7-59C9-4972-90EC-F7348463BA04}.Release|Mixed Platforms.ActiveCfg = Release|Any CPU
		{25D0C0E7-59C9-4972-90EC-F7348463BA04}.Release|Mixed Platforms.Build.0 = Release|Any CPU
		{25D0C0E7-59C9-4972-90EC-F7348463BA04}.Release|x86.ActiveCfg = Release|Any CPU
		{25D0C0E7-59C9-4972-90EC-F7348463BA04}.Release|x86.Build.0 = Release|Any CPU
		{FD1F3741-2986-4AFE-A985-A3B4DA2C9D52}.Debug|Any CPU.ActiveCfg = Debug|Any CPU
		{FD1F3741-2986-4AFE-A985-A3B4DA2C9D52}.Debug|Any CPU.Build.0 = Debug|Any CPU
		{FD1F3741-2986-4AFE-A985-A3B4DA2C9D52}.Debug|Mixed Platforms.ActiveCfg = Debug|Any CPU
		{FD1F3741-2986-4AFE-A985-A3B4DA2C9D52}.Debug|Mixed Platforms.Build.0 = Debug|Any CPU
		{FD1F3741-2986-4AFE-A985-A3B4DA2C9D52}.Debug|x86.ActiveCfg = Debug|Any CPU
		{FD1F3741-2986-4AFE-A985-A3B4DA2C9D52}.Debug|x86.Build.0 = Debug|Any CPU
		{FD1F3741-2986-4AFE-A985-A3B4DA2C9D52}.Release|Any CPU.ActiveCfg = Release|Any CPU
		{FD1F3741-2986-4AFE-A985-A3B4DA2C9D52}.Release|Any CPU.Build.0 = Release|Any CPU
		{FD1F3741-2986-4AFE-A985-A3B4DA2C9D52}.Release|Mixed Platforms.ActiveCfg = Release|Any CPU
		{FD1F3741-2986-4AFE-A985-A3B4DA2C9D52}.Release|Mixed Platforms.Build.0 = Release|Any CPU
		{FD1F3741-2986-4AFE-A985-A3B4DA2C9D52}.Release|x86.ActiveCfg = Release|Any CPU
		{FD1F3741-2986-4AFE-A985-A3B4DA2C9D52}.Release|x86.Build.0 = Release|Any CPU
	EndGlobalSection
	GlobalSection(SolutionProperties) = preSolution
		HideSolutionNode = FALSE
	EndGlobalSection
EndGlobal
